PODS:
  - Alamofire (4.8.1)
  - SwiftyJSON (5.0.0)

DEPENDENCIES:
  - Alamofire (= 4.8.1)
  - SwiftyJSON (= 5.0.0)

SPEC REPOS:
  https://github.com/CocoaPods/Specs.git:
    - Alamofire
    - SwiftyJSON

SPEC CHECKSUMS:
  Alamofire: 16ce2c353fb72865124ddae8a57c5942388f4f11
  SwiftyJSON: 36413e04c44ee145039d332b4f4e2d3e8d6c4db7

PODFILE CHECKSUM: 5db3435c3fdcf8e495c863cd9913f6ee34be9891

COCOAPODS: 1.8.4
